
Microsoft Visual Studio Solution File, Format Version 10.00
# Visual Studio 2008
Project("{E24C65DC-7377-472B-9ABA-BC803B73C61A}") = "GeolabVirtualMaps", "GeolabVirtualMaps\", "{F02B767F-25E1-458D-B530-A50F072C1463}"
	ProjectSection(WebsiteProperties) = preProject
		TargetFramework = "2.0"
		Debug.AspNetCompiler.VirtualPath = "/GeolabVirtualMaps"
		Debug.AspNetCompiler.PhysicalPath = "GeolabVirtualMaps\"
		Debug.AspNetCompiler.TargetPath = "PrecompiledWeb\GeolabVirtualMaps\"
		Debug.AspNetCompiler.Updateable = "true"
		Debug.AspNetCompiler.ForceOverwrite = "true"
		Debug.AspNetCompiler.FixedNames = "false"
		Debug.AspNetCompiler.Debug = "True"
		Release.AspNetCompiler.VirtualPath = "/GeolabVirtualMaps"
		Release.AspNetCompiler.PhysicalPath = "GeolabVirtualMaps\"
		Release.AspNetCompiler.TargetPath = "PrecompiledWeb\GeolabVirtualMaps\"
		Release.AspNetCompiler.Updateable = "true"
		Release.AspNetCompiler.ForceOverwrite = "true"
		Release.AspNetCompiler.FixedNames = "false"
		Release.AspNetCompiler.Debug = "False"
		VWDPort = "4878"
		VWDVirtualPath = "/"
	EndProjectSection
EndProject
Global
	GlobalSection(SolutionConfigurationPlatforms) = preSolution
		Debug|.NET = Debug|.NET
		Debug|Any CPU = Debug|Any CPU
		Debug|Mixed Platforms = Debug|Mixed Platforms
		Release|.NET = Release|.NET
		Release|Any CPU = Release|Any CPU
		Release|Mixed Platforms = Release|Mixed Platforms
	EndGlobalSection
	GlobalSection(ProjectConfigurationPlatforms) = postSolution
		{F02B767F-25E1-458D-B530-A50F072C1463}.Debug|.NET.ActiveCfg = Debug|.NET
		{F02B767F-25E1-458D-B530-A50F072C1463}.Debug|.NET.Build.0 = Debug|.NET
		{F02B767F-25E1-458D-B530-A50F072C1463}.Debug|Any CPU.ActiveCfg = Debug|.NET
		{F02B767F-25E1-458D-B530-A50F072C1463}.Debug|Mixed Platforms.ActiveCfg = Debug|.NET
		{F02B767F-25E1-458D-B530-A50F072C1463}.Debug|Mixed Platforms.Build.0 = Debug|.NET
		{F02B767F-25E1-458D-B530-A50F072C1463}.Release|.NET.ActiveCfg = Debug|.NET
		{F02B767F-25E1-458D-B530-A50F072C1463}.Release|.NET.Build.0 = Debug|.NET
		{F02B767F-25E1-458D-B530-A50F072C1463}.Release|Any CPU.ActiveCfg = Debug|.NET
		{F02B767F-25E1-458D-B530-A50F072C1463}.Release|Mixed Platforms.ActiveCfg = Debug|.NET
		{F02B767F-25E1-458D-B530-A50F072C1463}.Release|Mixed Platforms.Build.0 = Debug|.NET
	EndGlobalSection
	GlobalSection(SolutionProperties) = preSolution
		HideSolutionNode = FALSE
	EndGlobalSection
EndGlobal
